# THIS IS AN AUTOGENERATED FILE. DO NOT EDIT THIS FILE DIRECTLY.
# yarn lockfile v1


"@vuepress/plugin-active-header-links@^1.0.0-alpha.0":
  version "1.0.0-alpha.42"
  resolved "https://registry.npmjs.org/@vuepress/plugin-active-header-links/-/plugin-active-header-links-1.0.0-alpha.42.tgz#036b688b26360237824cfeec623f44790a58914a"
  dependencies:
    lodash.throttle "^4.1.1"

"@vuepress/plugin-back-to-top@^1.0.0-alpha.0":
  version "1.0.0-alpha.42"
  resolved "https://registry.npmjs.org/@vuepress/plugin-back-to-top/-/plugin-back-to-top-1.0.0-alpha.42.tgz#9bd01b6ab42845c4b63dd1fffa9ef88662bab6fd"
  dependencies:
    lodash.debounce "^4.0.8"

"@vuepress/plugin-search@^1.0.0-alpha.0":
  version "1.0.0-alpha.42"
  resolved "https://registry.npmjs.org/@vuepress/plugin-search/-/plugin-search-1.0.0-alpha.42.tgz#cebdea26da1872071fa651865d128cff7c67e30b"

lodash.debounce@^4.0.8:
  version "4.0.8"
  resolved "https://registry.npmjs.org/lodash.debounce/-/lodash.debounce-4.0.8.tgz#82d79bff30a67c4005ffd5e2515300ad9ca4d7af"

lodash.throttle@^4.1.1:
  version "4.1.1"
  resolved "https://registry.npmjs.org/lodash.throttle/-/lodash.throttle-4.1.1.tgz#c23e91b710242ac70c37f1e1cda9274cc39bf2f4"
